
Microsoft Visual Studio Solution File, Format Version 12.00
# Visual Studio 15
VisualStudioVersion = 15.0.27703.2047
MinimumVisualStudioVersion = 10.0.40219.1
Project("{888888A0-9F3D-457C-B088-3A5042F75D52}") = "PYTHON", "PYTHON.pyproj", "{9AB0A303-1A5E-4917-B8E4-C620CC2192C4}"
EndProject
Global
	GlobalSection(SolutionConfigurationPlatforms) = preSolution
		Debug|Any CPU = Debug|Any CPU
		Release|Any CPU = Release|Any CPU
	EndGlobalSection
	GlobalSection(ProjectConfigurationPlatforms) = postSolution
		{9AB0A303-1A5E-4917-B8E4-C620CC2192C4}.Debug|Any CPU.ActiveCfg = Debug|Any CPU
		{9AB0A303-1A5E-4917-B8E4-C620CC2192C4}.Release|Any CPU.ActiveCfg = Release|Any CPU
	EndGlobalSection
	GlobalSection(SolutionProperties) = preSolution
		HideSolutionNode = FALSE
	EndGlobalSection
	GlobalSection(ExtensibilityGlobals) = postSolution
		SolutionGuid = {EB362266-BC4A-437D-9AE9-F081AA622C28}
	EndGlobalSection
EndGlobal
